
Microsoft Visual Studio Solution File, Format Version 12.00
# Visual Studio Version 17
VisualStudioVersion = 17.8.34408.163
MinimumVisualStudioVersion = 10.0.40219.1
Project("{2150E333-8FDC-42A3-9474-1A3956D46DE8}") = "Core", "Core", "{D743120A-9CE5-49B9-89C7-18828CEE7D13}"
EndProject
Project("{2150E333-8FDC-42A3-9474-1A3956D46DE8}") = "Cosmos", "Cosmos", "{AEB00B66-BC3F-4051-83A5-2EF5278408BE}"
EndProject
Project("{FAE04EC0-301F-11D3-BF4B-00C04F79EFBC}") = "EFxceptions.Cosmos", "EFxceprions.Cosmos\EFxceptions.Cosmos.csproj", "{95289402-51F9-4FA6-8652-0E6535225934}"
EndProject
Project("{FAE04EC0-301F-11D3-BF4B-00C04F79EFBC}") = "EFxceptions.Cosmos.Tests", "EFxceprions.Cosmos.Tests\EFxceptions.Cosmos.Tests.csproj", "{5E0B78E3-1298-444B-A734-44DCD560F9A2}"
EndProject
Project("{FAE04EC0-301F-11D3-BF4B-00C04F79EFBC}") = "EFxceptions.Core", "EFxceptions.Core\EFxceptions.Core.csproj", "{46526484-5FE0-44A0-BBF9-3727D77C18B0}"
EndProject
Global
	GlobalSection(SolutionConfigurationPlatforms) = preSolution
		Debug|Any CPU = Debug|Any CPU
		Release|Any CPU = Release|Any CPU
	EndGlobalSection
	GlobalSection(ProjectConfigurationPlatforms) = postSolution
		{95289402-51F9-4FA6-8652-0E6535225934}.Debug|Any CPU.ActiveCfg = Debug|Any CPU
		{95289402-51F9-4FA6-8652-0E6535225934}.Debug|Any CPU.Build.0 = Debug|Any CPU
		{95289402-51F9-4FA6-8652-0E6535225934}.Release|Any CPU.ActiveCfg = Release|Any CPU
		{95289402-51F9-4FA6-8652-0E6535225934}.Release|Any CPU.Build.0 = Release|Any CPU
		{5E0B78E3-1298-444B-A734-44DCD560F9A2}.Debug|Any CPU.ActiveCfg = Debug|Any CPU
		{5E0B78E3-1298-444B-A734-44DCD560F9A2}.Debug|Any CPU.Build.0 = Debug|Any CPU
		{5E0B78E3-1298-444B-A734-44DCD560F9A2}.Release|Any CPU.ActiveCfg = Release|Any CPU
		{5E0B78E3-1298-444B-A734-44DCD560F9A2}.Release|Any CPU.Build.0 = Release|Any CPU
		{46526484-5FE0-44A0-BBF9-3727D77C18B0}.Debug|Any CPU.ActiveCfg = Debug|Any CPU
		{46526484-5FE0-44A0-BBF9-3727D77C18B0}.Debug|Any CPU.Build.0 = Debug|Any CPU
		{46526484-5FE0-44A0-BBF9-3727D77C18B0}.Release|Any CPU.ActiveCfg = Release|Any CPU
		{46526484-5FE0-44A0-BBF9-3727D77C18B0}.Release|Any CPU.Build.0 = Release|Any CPU
	EndGlobalSection
	GlobalSection(SolutionProperties) = preSolution
		HideSolutionNode = FALSE
	EndGlobalSection
	GlobalSection(NestedProjects) = preSolution
		{95289402-51F9-4FA6-8652-0E6535225934} = {AEB00B66-BC3F-4051-83A5-2EF5278408BE}
		{5E0B78E3-1298-444B-A734-44DCD560F9A2} = {AEB00B66-BC3F-4051-83A5-2EF5278408BE}
		{46526484-5FE0-44A0-BBF9-3727D77C18B0} = {D743120A-9CE5-49B9-89C7-18828CEE7D13}
	EndGlobalSection
	GlobalSection(ExtensibilityGlobals) = postSolution
		SolutionGuid = {2990BE7A-BB9E-4E92-AC14-D57A4BFE8A94}
	EndGlobalSection
EndGlobal
